
Microsoft Visual Studio Solution File, Format Version 10.00
# Visual Studio 2008
Project("{FAE04EC0-301F-11D3-BF4B-00C04F79EFBC}") = "activationsample", "ActivationDeac\activationsample.csproj", "{49120F1B-111C-4863-94A3-782AF344E122}"
EndProject
Project("{FAE04EC0-301F-11D3-BF4B-00C04F79EFBC}") = "cookiessamplecsharp", "Cookies\cookiessamplecsharp.csproj", "{C9399C50-0033-4EDF-8AC5-D46F11D4A517}"
EndProject
Project("{FAE04EC0-301F-11D3-BF4B-00C04F79EFBC}") = "applicationshutdownsample", "Shutdown\applicationshutdownsample.csproj", "{095B42D4-408C-4C75-A44B-A39D7D2770F7}"
EndProject
Project("{FAE04EC0-301F-11D3-BF4B-00C04F79EFBC}") = "codeonlywindowsapplicationsample", "CodeOnly\codeonlywindowsapplicationsample.csproj", "{932B9405-C70E-420A-90E0-22F99C3DD388}"
EndProject
Project("{FAE04EC0-301F-11D3-BF4B-00C04F79EFBC}") = "crossthreadexceptionraising_uithread", "UnhandledException2ndUIThread\crossthreadexceptionraising_uithread.csproj", "{21F1A9C3-CB8F-4F80-9518-2A93556A677D}"
EndProject
Project("{FAE04EC0-301F-11D3-BF4B-00C04F79EFBC}") = "crossthreadexceptionraising_workerthread", "UnhandledException2ndWkrThread\crossthreadexceptionraising_workerthread.csproj", "{8F57986A-B62F-4435-AF6E-25FC37C561BC}"
EndProject
Project("{FAE04EC0-301F-11D3-BF4B-00C04F79EFBC}") = "commandlineargumentsample", "CommandLineArgs\commandlineargumentsample.csproj", "{3C7DD62E-B6D6-451D-AE67-09975D54E3FE}"
EndProject
Project("{2150E333-8FDC-42A3-9474-1A3956D46DE8}") = "ReusableCustomApp", "ReusableCustomApp", "{ED4CE67A-D447-4EA4-8EB4-492BB897EBC2}"
EndProject
Project("{FAE04EC0-301F-11D3-BF4B-00C04F79EFBC}") = "CustomApplicationClient", "ReusableCustomApp\CustomApplication\CustomApplicationClient.csproj", "{330CDF6C-F411-4844-99E3-BED2BD5DD2A6}"
EndProject
Project("{FAE04EC0-301F-11D3-BF4B-00C04F79EFBC}") = "CustomApplicationLibrary", "ReusableCustomApp\CustomApplicationLibrary\CustomApplicationLibrary.csproj", "{04108C03-393A-4403-8926-339CA9C067CA}"
EndProject
Project("{FAE04EC0-301F-11D3-BF4B-00C04F79EFBC}") = "singleinstancedetectionsample", "SingleInstance\singleinstancedetectionsample.csproj", "{BF3F9A39-731E-4B11-86DC-B60A7F36179F}"
EndProject
Project("{FAE04EC0-301F-11D3-BF4B-00C04F79EFBC}") = "skinnedapplication", "SkinnedApp\skinnedapplication.csproj", "{F972B04B-B4B5-4508-84B2-4D4A5D4F8975}"
EndProject
Project("{FAE04EC0-301F-11D3-BF4B-00C04F79EFBC}") = "dispatcherunhandledexceptionsample", "UnhandledException\dispatcherunhandledexceptionsample.csproj", "{26E43F25-44B0-436E-9359-AE8D56193103}"
EndProject
Global
	GlobalSection(SolutionConfigurationPlatforms) = preSolution
		Debug|Any CPU = Debug|Any CPU
		Release|Any CPU = Release|Any CPU
	EndGlobalSection
	GlobalSection(ProjectConfigurationPlatforms) = postSolution
		{49120F1B-111C-4863-94A3-782AF344E122}.Debug|Any CPU.ActiveCfg = Debug|Any CPU
		{49120F1B-111C-4863-94A3-782AF344E122}.Debug|Any CPU.Build.0 = Debug|Any CPU
		{49120F1B-111C-4863-94A3-782AF344E122}.Release|Any CPU.ActiveCfg = Release|Any CPU
		{49120F1B-111C-4863-94A3-782AF344E122}.Release|Any CPU.Build.0 = Release|Any CPU
		{C9399C50-0033-4EDF-8AC5-D46F11D4A517}.Debug|Any CPU.ActiveCfg = Debug|Any CPU
		{C9399C50-0033-4EDF-8AC5-D46F11D4A517}.Debug|Any CPU.Build.0 = Debug|Any CPU
		{C9399C50-0033-4EDF-8AC5-D46F11D4A517}.Release|Any CPU.ActiveCfg = Release|Any CPU
		{C9399C50-0033-4EDF-8AC5-D46F11D4A517}.Release|Any CPU.Build.0 = Release|Any CPU
		{095B42D4-408C-4C75-A44B-A39D7D2770F7}.Debug|Any CPU.ActiveCfg = Debug|Any CPU
		{095B42D4-408C-4C75-A44B-A39D7D2770F7}.Debug|Any CPU.Build.0 = Debug|Any CPU
		{095B42D4-408C-4C75-A44B-A39D7D2770F7}.Release|Any CPU.ActiveCfg = Release|Any CPU
		{095B42D4-408C-4C75-A44B-A39D7D2770F7}.Release|Any CPU.Build.0 = Release|Any CPU
		{932B9405-C70E-420A-90E0-22F99C3DD388}.Debug|Any CPU.ActiveCfg = Debug|Any CPU
		{932B9405-C70E-420A-90E0-22F99C3DD388}.Debug|Any CPU.Build.0 = Debug|Any CPU
		{932B9405-C70E-420A-90E0-22F99C3DD388}.Release|Any CPU.ActiveCfg = Release|Any CPU
		{932B9405-C70E-420A-90E0-22F99C3DD388}.Release|Any CPU.Build.0 = Release|Any CPU
		{21F1A9C3-CB8F-4F80-9518-2A93556A677D}.Debug|Any CPU.ActiveCfg = Debug|Any CPU
		{21F1A9C3-CB8F-4F80-9518-2A93556A677D}.Debug|Any CPU.Build.0 = Debug|Any CPU
		{21F1A9C3-CB8F-4F80-9518-2A93556A677D}.Release|Any CPU.ActiveCfg = Release|Any CPU
		{21F1A9C3-CB8F-4F80-9518-2A93556A677D}.Release|Any CPU.Build.0 = Release|Any CPU
		{8F57986A-B62F-4435-AF6E-25FC37C561BC}.Debug|Any CPU.ActiveCfg = Debug|Any CPU
		{8F57986A-B62F-4435-AF6E-25FC37C561BC}.Debug|Any CPU.Build.0 = Debug|Any CPU
		{8F57986A-B62F-4435-AF6E-25FC37C561BC}.Release|Any CPU.ActiveCfg = Release|Any CPU
		{8F57986A-B62F-4435-AF6E-25FC37C561BC}.Release|Any CPU.Build.0 = Release|Any CPU
		{3C7DD62E-B6D6-451D-AE67-09975D54E3FE}.Debug|Any CPU.ActiveCfg = Debug|Any CPU
		{3C7DD62E-B6D6-451D-AE67-09975D54E3FE}.Debug|Any CPU.Build.0 = Debug|Any CPU
		{3C7DD62E-B6D6-451D-AE67-09975D54E3FE}.Release|Any CPU.ActiveCfg = Release|Any CPU
		{3C7DD62E-B6D6-451D-AE67-09975D54E3FE}.Release|Any CPU.Build.0 = Release|Any CPU
		{330CDF6C-F411-4844-99E3-BED2BD5DD2A6}.Debug|Any CPU.ActiveCfg = Debug|Any CPU
		{330CDF6C-F411-4844-99E3-BED2BD5DD2A6}.Debug|Any CPU.Build.0 = Debug|Any CPU
		{330CDF6C-F411-4844-99E3-BED2BD5DD2A6}.Release|Any CPU.ActiveCfg = Release|Any CPU
		{330CDF6C-F411-4844-99E3-BED2BD5DD2A6}.Release|Any CPU.Build.0 = Release|Any CPU
		{04108C03-393A-4403-8926-339CA9C067CA}.Debug|Any CPU.ActiveCfg = Debug|Any CPU
		{04108C03-393A-4403-8926-339CA9C067CA}.Debug|Any CPU.Build.0 = Debug|Any CPU
		{04108C03-393A-4403-8926-339CA9C067CA}.Release|Any CPU.ActiveCfg = Release|Any CPU
		{04108C03-393A-4403-8926-339CA9C067CA}.Release|Any CPU.Build.0 = Release|Any CPU
		{BF3F9A39-731E-4B11-86DC-B60A7F36179F}.Debug|Any CPU.ActiveCfg = Debug|Any CPU
		{BF3F9A39-731E-4B11-86DC-B60A7F36179F}.Debug|Any CPU.Build.0 = Debug|Any CPU
		{BF3F9A39-731E-4B11-86DC-B60A7F36179F}.Release|Any CPU.ActiveCfg = Release|Any CPU
		{BF3F9A39-731E-4B11-86DC-B60A7F36179F}.Release|Any CPU.Build.0 = Release|Any CPU
		{F972B04B-B4B5-4508-84B2-4D4A5D4F8975}.Debug|Any CPU.ActiveCfg = Debug|Any CPU
		{F972B04B-B4B5-4508-84B2-4D4A5D4F8975}.Debug|Any CPU.Build.0 = Debug|Any CPU
		{F972B04B-B4B5-4508-84B2-4D4A5D4F8975}.Release|Any CPU.ActiveCfg = Release|Any CPU
		{F972B04B-B4B5-4508-84B2-4D4A5D4F8975}.Release|Any CPU.Build.0 = Release|Any CPU
		{26E43F25-44B0-436E-9359-AE8D56193103}.Debug|Any CPU.ActiveCfg = Debug|Any CPU
		{26E43F25-44B0-436E-9359-AE8D56193103}.Debug|Any CPU.Build.0 = Debug|Any CPU
		{26E43F25-44B0-436E-9359-AE8D56193103}.Release|Any CPU.ActiveCfg = Release|Any CPU
		{26E43F25-44B0-436E-9359-AE8D56193103}.Release|Any CPU.Build.0 = Release|Any CPU
	EndGlobalSection
	GlobalSection(SolutionProperties) = preSolution
		HideSolutionNode = FALSE
	EndGlobalSection
	GlobalSection(NestedProjects) = preSolution
		{330CDF6C-F411-4844-99E3-BED2BD5DD2A6} = {ED4CE67A-D447-4EA4-8EB4-492BB897EBC2}
		{04108C03-393A-4403-8926-339CA9C067CA} = {ED4CE67A-D447-4EA4-8EB4-492BB897EBC2}
	EndGlobalSection
EndGlobal
