
Microsoft Visual Studio Solution File, Format Version 10.00
# Visual Studio 2008
Project("{FAE04EC0-301F-11D3-BF4B-00C04F79EFBC}") = "frameexample", "FrameSample\frameexample.csproj", "{77314558-47C7-4326-8C48-95DAB0C50E21}"
EndProject
Project("{FAE04EC0-301F-11D3-BF4B-00C04F79EFBC}") = "wrappanel_samp", "WrapPanel\wrappanel_samp.csproj", "{E52486E1-B58E-4497-95A7-A10130403348}"
EndProject
Project("{2150E333-8FDC-42A3-9474-1A3956D46DE8}") = "TabControl", "TabControl", "{54E8610F-A17B-4F6B-BAEB-4A389B6B9A46}"
EndProject
Project("{FAE04EC0-301F-11D3-BF4B-00C04F79EFBC}") = "tabcontrolstyles", "TabControl\UsingCtrlTemplates\tabcontrolstyles.csproj", "{32AAFFC0-6E41-44E8-87FA-D82F6C1601E7}"
EndProject
Project("{FAE04EC0-301F-11D3-BF4B-00C04F79EFBC}") = "dockprops", "DockPanelSamples\DockProperty\dockprops.csproj", "{DC87FFD9-0873-4903-AB29-DDEF96FFCC28}"
EndProject
Project("{FAE04EC0-301F-11D3-BF4B-00C04F79EFBC}") = "dockpanel_ovw_sample", "DockPanelSamples\BasicUIFramework\dockpanel_ovw_sample.csproj", "{690C103C-580F-4593-8821-3E72A0E2B5C2}"
EndProject
Project("{2150E333-8FDC-42A3-9474-1A3956D46DE8}") = "DockPanelSamples", "DockPanelSamples", "{52AA6A4C-4189-4FFB-B1EB-0835A7E5C681}"
EndProject
Project("{FAE04EC0-301F-11D3-BF4B-00C04F79EFBC}") = "tabcontrolusingitemtemplate", "TabControl\BindCtrlToData\tabcontrolusingitemtemplate.csproj", "{3D89A5DE-CCB5-40E6-A4A7-51DAEE503034}"
EndProject
Project("{FAE04EC0-301F-11D3-BF4B-00C04F79EFBC}") = "tabcontrolcontenttemplateselector", "TabControl\ChangeAppearance\tabcontrolcontenttemplateselector.csproj", "{DFB61003-71D0-4FDE-A5AB-A0C9FC60BDAA}"
EndProject
Project("{FAE04EC0-301F-11D3-BF4B-00C04F79EFBC}") = "tabcontrolcontentstringformat", "TabControl\FormatStrings\tabcontrolcontentstringformat.csproj", "{89F289D8-6186-453C-9468-F16FCADFA776}"
EndProject
Project("{FAE04EC0-301F-11D3-BF4B-00C04F79EFBC}") = "accesstext", "AccessText\accesstext.csproj", "{9F00CB50-30BC-452C-AD50-E1184DC10A24}"
EndProject
Project("{FAE04EC0-301F-11D3-BF4B-00C04F79EFBC}") = "contextmenu_wcp", "ContextMenushared\contextmenu_wcp.csproj", "{E552DDB0-9083-44D4-95D6-90A1D21040BC}"
EndProject
Project("{F184B08F-C81C-45F6-A57F-5ABD9991F28F}") = "buttontransform_vb", "InteractiveButton\buttontransform_vb.vbproj", "{0533C0F5-6EED-41D6-A71F-181662DB094F}"
EndProject
Project("{FAE04EC0-301F-11D3-BF4B-00C04F79EFBC}") = "statusbar", "StatusBar\statusbar.csproj", "{7A200C5B-5E4F-4EA1-B964-081BFF70A76B}"
EndProject
Project("{FAE04EC0-301F-11D3-BF4B-00C04F79EFBC}") = "toolbar", "ToolBarStyles\toolbar.csproj", "{C7094121-5B9C-442D-A19C-157F44888E7E}"
EndProject
Project("{2150E333-8FDC-42A3-9474-1A3956D46DE8}") = "ExpanderSamples", "ExpanderSamples", "{FEF2DE5E-DAD1-4F1B-8782-C3AFBBC644E5}"
EndProject
Project("{FAE04EC0-301F-11D3-BF4B-00C04F79EFBC}") = "expanderexample", "ExpanderSamples\Expander\expanderexample.csproj", "{1459F0A2-A8BA-4999-B9BB-AF13B042FC2B}"
EndProject
Project("{2150E333-8FDC-42A3-9474-1A3956D46DE8}") = "PopupSamples", "PopupSamples", "{FD007349-7BB6-4C46-9D93-95865180D08F}"
EndProject
Project("{FAE04EC0-301F-11D3-BF4B-00C04F79EFBC}") = "animatedpopup", "PopupSamples\animated\animatedpopup.csproj", "{C6AEF874-17B8-4790-88CE-4C61FF6A272D}"
EndProject
Project("{FAE04EC0-301F-11D3-BF4B-00C04F79EFBC}") = "custompopuptextbox", "PopupSamples\custompopup\custompopuptextbox.csproj", "{03B6B131-B9B6-4536-8F18-B5C45E642411}"
EndProject
Project("{FAE04EC0-301F-11D3-BF4B-00C04F79EFBC}") = "popupplacement", "PopupSamples\popupplacement\popupplacement.csproj", "{D00AD417-B19E-409A-B785-AC4C313FC1A6}"
EndProject
Global
	GlobalSection(SolutionConfigurationPlatforms) = preSolution
		Debug|Any CPU = Debug|Any CPU
		Release|Any CPU = Release|Any CPU
	EndGlobalSection
	GlobalSection(ProjectConfigurationPlatforms) = postSolution
		{77314558-47C7-4326-8C48-95DAB0C50E21}.Debug|Any CPU.ActiveCfg = Debug|Any CPU
		{77314558-47C7-4326-8C48-95DAB0C50E21}.Debug|Any CPU.Build.0 = Debug|Any CPU
		{77314558-47C7-4326-8C48-95DAB0C50E21}.Release|Any CPU.ActiveCfg = Release|Any CPU
		{77314558-47C7-4326-8C48-95DAB0C50E21}.Release|Any CPU.Build.0 = Release|Any CPU
		{E52486E1-B58E-4497-95A7-A10130403348}.Debug|Any CPU.ActiveCfg = Debug|Any CPU
		{E52486E1-B58E-4497-95A7-A10130403348}.Debug|Any CPU.Build.0 = Debug|Any CPU
		{E52486E1-B58E-4497-95A7-A10130403348}.Release|Any CPU.ActiveCfg = Debug|Any CPU
		{E52486E1-B58E-4497-95A7-A10130403348}.Release|Any CPU.Build.0 = Debug|Any CPU
		{32AAFFC0-6E41-44E8-87FA-D82F6C1601E7}.Debug|Any CPU.ActiveCfg = Debug|Any CPU
		{32AAFFC0-6E41-44E8-87FA-D82F6C1601E7}.Debug|Any CPU.Build.0 = Debug|Any CPU
		{32AAFFC0-6E41-44E8-87FA-D82F6C1601E7}.Release|Any CPU.ActiveCfg = Debug|Any CPU
		{32AAFFC0-6E41-44E8-87FA-D82F6C1601E7}.Release|Any CPU.Build.0 = Debug|Any CPU
		{DC87FFD9-0873-4903-AB29-DDEF96FFCC28}.Debug|Any CPU.ActiveCfg = Debug|Any CPU
		{DC87FFD9-0873-4903-AB29-DDEF96FFCC28}.Debug|Any CPU.Build.0 = Debug|Any CPU
		{DC87FFD9-0873-4903-AB29-DDEF96FFCC28}.Release|Any CPU.ActiveCfg = Debug|Any CPU
		{DC87FFD9-0873-4903-AB29-DDEF96FFCC28}.Release|Any CPU.Build.0 = Debug|Any CPU
		{690C103C-580F-4593-8821-3E72A0E2B5C2}.Debug|Any CPU.ActiveCfg = Debug|Any CPU
		{690C103C-580F-4593-8821-3E72A0E2B5C2}.Debug|Any CPU.Build.0 = Debug|Any CPU
		{690C103C-580F-4593-8821-3E72A0E2B5C2}.Release|Any CPU.ActiveCfg = Debug|Any CPU
		{690C103C-580F-4593-8821-3E72A0E2B5C2}.Release|Any CPU.Build.0 = Debug|Any CPU
		{3D89A5DE-CCB5-40E6-A4A7-51DAEE503034}.Debug|Any CPU.ActiveCfg = Debug|Any CPU
		{3D89A5DE-CCB5-40E6-A4A7-51DAEE503034}.Debug|Any CPU.Build.0 = Debug|Any CPU
		{3D89A5DE-CCB5-40E6-A4A7-51DAEE503034}.Release|Any CPU.ActiveCfg = Release|Any CPU
		{3D89A5DE-CCB5-40E6-A4A7-51DAEE503034}.Release|Any CPU.Build.0 = Release|Any CPU
		{DFB61003-71D0-4FDE-A5AB-A0C9FC60BDAA}.Debug|Any CPU.ActiveCfg = Debug|Any CPU
		{DFB61003-71D0-4FDE-A5AB-A0C9FC60BDAA}.Debug|Any CPU.Build.0 = Debug|Any CPU
		{DFB61003-71D0-4FDE-A5AB-A0C9FC60BDAA}.Release|Any CPU.ActiveCfg = Release|Any CPU
		{DFB61003-71D0-4FDE-A5AB-A0C9FC60BDAA}.Release|Any CPU.Build.0 = Release|Any CPU
		{89F289D8-6186-453C-9468-F16FCADFA776}.Debug|Any CPU.ActiveCfg = Debug|Any CPU
		{89F289D8-6186-453C-9468-F16FCADFA776}.Debug|Any CPU.Build.0 = Debug|Any CPU
		{89F289D8-6186-453C-9468-F16FCADFA776}.Release|Any CPU.ActiveCfg = Release|Any CPU
		{89F289D8-6186-453C-9468-F16FCADFA776}.Release|Any CPU.Build.0 = Release|Any CPU
		{9F00CB50-30BC-452C-AD50-E1184DC10A24}.Debug|Any CPU.ActiveCfg = Debug|Any CPU
		{9F00CB50-30BC-452C-AD50-E1184DC10A24}.Debug|Any CPU.Build.0 = Debug|Any CPU
		{9F00CB50-30BC-452C-AD50-E1184DC10A24}.Release|Any CPU.ActiveCfg = Debug|Any CPU
		{9F00CB50-30BC-452C-AD50-E1184DC10A24}.Release|Any CPU.Build.0 = Debug|Any CPU
		{E552DDB0-9083-44D4-95D6-90A1D21040BC}.Debug|Any CPU.ActiveCfg = Debug|Any CPU
		{E552DDB0-9083-44D4-95D6-90A1D21040BC}.Debug|Any CPU.Build.0 = Debug|Any CPU
		{E552DDB0-9083-44D4-95D6-90A1D21040BC}.Release|Any CPU.ActiveCfg = Debug|Any CPU
		{E552DDB0-9083-44D4-95D6-90A1D21040BC}.Release|Any CPU.Build.0 = Debug|Any CPU
		{0533C0F5-6EED-41D6-A71F-181662DB094F}.Debug|Any CPU.ActiveCfg = Debug|Any CPU
		{0533C0F5-6EED-41D6-A71F-181662DB094F}.Debug|Any CPU.Build.0 = Debug|Any CPU
		{0533C0F5-6EED-41D6-A71F-181662DB094F}.Release|Any CPU.ActiveCfg = Debug|Any CPU
		{0533C0F5-6EED-41D6-A71F-181662DB094F}.Release|Any CPU.Build.0 = Debug|Any CPU
		{7A200C5B-5E4F-4EA1-B964-081BFF70A76B}.Debug|Any CPU.ActiveCfg = Debug|Any CPU
		{7A200C5B-5E4F-4EA1-B964-081BFF70A76B}.Debug|Any CPU.Build.0 = Debug|Any CPU
		{7A200C5B-5E4F-4EA1-B964-081BFF70A76B}.Release|Any CPU.ActiveCfg = Debug|Any CPU
		{7A200C5B-5E4F-4EA1-B964-081BFF70A76B}.Release|Any CPU.Build.0 = Debug|Any CPU
		{C7094121-5B9C-442D-A19C-157F44888E7E}.Debug|Any CPU.ActiveCfg = Debug|Any CPU
		{C7094121-5B9C-442D-A19C-157F44888E7E}.Debug|Any CPU.Build.0 = Debug|Any CPU
		{C7094121-5B9C-442D-A19C-157F44888E7E}.Release|Any CPU.ActiveCfg = Debug|Any CPU
		{C7094121-5B9C-442D-A19C-157F44888E7E}.Release|Any CPU.Build.0 = Debug|Any CPU
		{1459F0A2-A8BA-4999-B9BB-AF13B042FC2B}.Debug|Any CPU.ActiveCfg = Debug|Any CPU
		{1459F0A2-A8BA-4999-B9BB-AF13B042FC2B}.Debug|Any CPU.Build.0 = Debug|Any CPU
		{1459F0A2-A8BA-4999-B9BB-AF13B042FC2B}.Release|Any CPU.ActiveCfg = Release|Any CPU
		{1459F0A2-A8BA-4999-B9BB-AF13B042FC2B}.Release|Any CPU.Build.0 = Release|Any CPU
		{C6AEF874-17B8-4790-88CE-4C61FF6A272D}.Debug|Any CPU.ActiveCfg = Debug|Any CPU
		{C6AEF874-17B8-4790-88CE-4C61FF6A272D}.Debug|Any CPU.Build.0 = Debug|Any CPU
		{C6AEF874-17B8-4790-88CE-4C61FF6A272D}.Release|Any CPU.ActiveCfg = Debug|Any CPU
		{C6AEF874-17B8-4790-88CE-4C61FF6A272D}.Release|Any CPU.Build.0 = Debug|Any CPU
		{03B6B131-B9B6-4536-8F18-B5C45E642411}.Debug|Any CPU.ActiveCfg = Debug|Any CPU
		{03B6B131-B9B6-4536-8F18-B5C45E642411}.Debug|Any CPU.Build.0 = Debug|Any CPU
		{03B6B131-B9B6-4536-8F18-B5C45E642411}.Release|Any CPU.ActiveCfg = Release|Any CPU
		{03B6B131-B9B6-4536-8F18-B5C45E642411}.Release|Any CPU.Build.0 = Release|Any CPU
		{D00AD417-B19E-409A-B785-AC4C313FC1A6}.Debug|Any CPU.ActiveCfg = Debug|Any CPU
		{D00AD417-B19E-409A-B785-AC4C313FC1A6}.Debug|Any CPU.Build.0 = Debug|Any CPU
		{D00AD417-B19E-409A-B785-AC4C313FC1A6}.Release|Any CPU.ActiveCfg = Release|Any CPU
		{D00AD417-B19E-409A-B785-AC4C313FC1A6}.Release|Any CPU.Build.0 = Release|Any CPU
	EndGlobalSection
	GlobalSection(SolutionProperties) = preSolution
		HideSolutionNode = FALSE
	EndGlobalSection
	GlobalSection(NestedProjects) = preSolution
		{32AAFFC0-6E41-44E8-87FA-D82F6C1601E7} = {54E8610F-A17B-4F6B-BAEB-4A389B6B9A46}
		{3D89A5DE-CCB5-40E6-A4A7-51DAEE503034} = {54E8610F-A17B-4F6B-BAEB-4A389B6B9A46}
		{DFB61003-71D0-4FDE-A5AB-A0C9FC60BDAA} = {54E8610F-A17B-4F6B-BAEB-4A389B6B9A46}
		{89F289D8-6186-453C-9468-F16FCADFA776} = {54E8610F-A17B-4F6B-BAEB-4A389B6B9A46}
		{690C103C-580F-4593-8821-3E72A0E2B5C2} = {52AA6A4C-4189-4FFB-B1EB-0835A7E5C681}
		{DC87FFD9-0873-4903-AB29-DDEF96FFCC28} = {52AA6A4C-4189-4FFB-B1EB-0835A7E5C681}
		{1459F0A2-A8BA-4999-B9BB-AF13B042FC2B} = {FEF2DE5E-DAD1-4F1B-8782-C3AFBBC644E5}
		{C6AEF874-17B8-4790-88CE-4C61FF6A272D} = {FD007349-7BB6-4C46-9D93-95865180D08F}
		{03B6B131-B9B6-4536-8F18-B5C45E642411} = {FD007349-7BB6-4C46-9D93-95865180D08F}
		{D00AD417-B19E-409A-B785-AC4C313FC1A6} = {FD007349-7BB6-4C46-9D93-95865180D08F}
	EndGlobalSection
EndGlobal
