
Microsoft Visual Studio Solution File, Format Version 10.00
# Visual Studio 2008
Project("{FAE04EC0-301F-11D3-BF4B-00C04F79EFBC}") = "frameexample", "FrameSample\frameexample.csproj", "{77314558-47C7-4326-8C48-95DAB0C50E21}"
EndProject
Project("{FAE04EC0-301F-11D3-BF4B-00C04F79EFBC}") = "wrappanel_samp", "WrapPanel\wrappanel_samp.csproj", "{E52486E1-B58E-4497-95A7-A10130403348}"
EndProject
Project("{2150E333-8FDC-42A3-9474-1A3956D46DE8}") = "TabControl", "TabControl", "{54E8610F-A17B-4F6B-BAEB-4A389B6B9A46}"
EndProject
Project("{FAE04EC0-301F-11D3-BF4B-00C04F79EFBC}") = "tabcontrolstyles", "TabControl\UsingCtrlTemplates\tabcontrolstyles.csproj", "{32AAFFC0-6E41-44E8-87FA-D82F6C1601E7}"
EndProject
Global
	GlobalSection(SolutionConfigurationPlatforms) = preSolution
		Debug|Any CPU = Debug|Any CPU
		Release|Any CPU = Release|Any CPU
	EndGlobalSection
	GlobalSection(ProjectConfigurationPlatforms) = postSolution
		{77314558-47C7-4326-8C48-95DAB0C50E21}.Debug|Any CPU.ActiveCfg = Debug|Any CPU
		{77314558-47C7-4326-8C48-95DAB0C50E21}.Debug|Any CPU.Build.0 = Debug|Any CPU
		{77314558-47C7-4326-8C48-95DAB0C50E21}.Release|Any CPU.ActiveCfg = Release|Any CPU
		{77314558-47C7-4326-8C48-95DAB0C50E21}.Release|Any CPU.Build.0 = Release|Any CPU
		{E52486E1-B58E-4497-95A7-A10130403348}.Debug|Any CPU.ActiveCfg = Debug|Any CPU
		{E52486E1-B58E-4497-95A7-A10130403348}.Debug|Any CPU.Build.0 = Debug|Any CPU
		{E52486E1-B58E-4497-95A7-A10130403348}.Release|Any CPU.ActiveCfg = Debug|Any CPU
		{E52486E1-B58E-4497-95A7-A10130403348}.Release|Any CPU.Build.0 = Debug|Any CPU
		{32AAFFC0-6E41-44E8-87FA-D82F6C1601E7}.Debug|Any CPU.ActiveCfg = Debug|Any CPU
		{32AAFFC0-6E41-44E8-87FA-D82F6C1601E7}.Debug|Any CPU.Build.0 = Debug|Any CPU
		{32AAFFC0-6E41-44E8-87FA-D82F6C1601E7}.Release|Any CPU.ActiveCfg = Debug|Any CPU
		{32AAFFC0-6E41-44E8-87FA-D82F6C1601E7}.Release|Any CPU.Build.0 = Debug|Any CPU
	EndGlobalSection
	GlobalSection(SolutionProperties) = preSolution
		HideSolutionNode = FALSE
	EndGlobalSection
	GlobalSection(NestedProjects) = preSolution
		{32AAFFC0-6E41-44E8-87FA-D82F6C1601E7} = {54E8610F-A17B-4F6B-BAEB-4A389B6B9A46}
	EndGlobalSection
EndGlobal
