
Microsoft Visual Studio Solution File, Format Version 10.00
# Visual Studio 2008
Project("{FAE04EC0-301F-11D3-BF4B-00C04F79EFBC}") = "wpfcalculator2", "Calculator\wpfcalculator2.csproj", "{54027CA3-96F1-42BA-82E2-71D6755B7575}"
EndProject
Project("{FAE04EC0-301F-11D3-BF4B-00C04F79EFBC}") = "concentric", "ConcentricRings\concentric.csproj", "{3B83EE94-61FF-4DD2-A2DB-CACEB37DD97A}"
EndProject
Project("{FAE04EC0-301F-11D3-BF4B-00C04F79EFBC}") = "cubeanimation_xbap", "CubeAnimation\cubeanimation_xbap.csproj", "{741625E1-5709-4568-A03F-EDADA6B30F45}"
EndProject
Project("{FAE04EC0-301F-11D3-BF4B-00C04F79EFBC}") = "databindinglab", "DataBinding\databindinglab.csproj", "{6AFEA501-7402-47C4-805D-060448961C78}"
EndProject
Project("{FAE04EC0-301F-11D3-BF4B-00C04F79EFBC}") = "editingexaminer", "EditingExaminer\editingexaminer.csproj", "{9CDAAC1C-3B43-4873-AD34-0E35E576B472}"
EndProject
Project("{FAE04EC0-301F-11D3-BF4B-00C04F79EFBC}") = "expenseit", "ExpenseIt\expenseit.csproj", "{BBEAC4F2-A0F4-4166-8E20-19C789C4896F}"
EndProject
Project("{FAE04EC0-301F-11D3-BF4B-00C04F79EFBC}") = "fontdialogsample", "FontDialog\fontdialogsample.csproj", "{BA5113A3-EA25-4BA3-96E1-7FB10D9201F0}"
EndProject
Project("{FAE04EC0-301F-11D3-BF4B-00C04F79EFBC}") = "geometrydesigner", "GeometryDesigner\geometrydesigner.csproj", "{C2FF39B5-6B7C-4FDB-B587-995D79E41D0C}"
EndProject
Project("{FAE04EC0-301F-11D3-BF4B-00C04F79EFBC}") = "graphcalc", "GraphingCalculator\graphcalc.csproj", "{1241B377-8BA7-4AE1-B6CD-66766348B521}"
EndProject
Project("{FAE04EC0-301F-11D3-BF4B-00C04F79EFBC}") = "materialgroups", "HexSphere\materialgroups.csproj", "{74DA1086-903C-4CDC-B506-AB6E9FB8D8F9}"
EndProject
Project("{FAE04EC0-301F-11D3-BF4B-00C04F79EFBC}") = "sdksample", "LayoutToLayout\sdksample.csproj", "{73BC2B73-4133-4FDD-8ABF-9895791BC185}"
EndProject
Project("{FAE04EC0-301F-11D3-BF4B-00C04F79EFBC}") = "logonscreen", "LogonScreen\logonscreen.csproj", "{F6B53EF7-01F2-4DD5-AC87-9FCEC559573D}"
EndProject
Project("{FAE04EC0-301F-11D3-BF4B-00C04F79EFBC}") = "wpfnotepad", "Notpad\wpfnotepad.csproj", "{1A9BBB8C-7B84-46CB-B6EC-CAACD1CABE65}"
EndProject
Project("{FAE04EC0-301F-11D3-BF4B-00C04F79EFBC}") = "particles", "ParticleEffects\particles.csproj", "{907A5C3C-B130-4D1F-A9FC-6ECBD9160E92}"
EndProject
Project("{FAE04EC0-301F-11D3-BF4B-00C04F79EFBC}") = "flipper", "PhotoFlipper\flipper.csproj", "{A1C879B6-5EA2-473E-B5E0-99E2F4E5E3D0}"
EndProject
Project("{FAE04EC0-301F-11D3-BF4B-00C04F79EFBC}") = "photodemo", "PhotoStore\photodemo.csproj", "{62FE35E1-6CE7-41B1-9858-FF7A07543C0A}"
EndProject
Project("{FAE04EC0-301F-11D3-BF4B-00C04F79EFBC}") = "slidepuzzle", "SlidePuzzle\slidepuzzle.csproj", "{51D24FC8-9D96-44FA-B473-43D6B2511ACB}"
EndProject
Project("{FAE04EC0-301F-11D3-BF4B-00C04F79EFBC}") = "stickynotes", "StickyNotes\stickynotes.csproj", "{B3CF90F5-CA9C-44EF-9A56-39DD40E1FB59}"
EndProject
Project("{FAE04EC0-301F-11D3-BF4B-00C04F79EFBC}") = "trafficalert", "TrafficAlert\trafficalert.csproj", "{8CD54DFE-4A1D-4A39-9DED-96C0ECDEDB85}"
EndProject
Project("{FAE04EC0-301F-11D3-BF4B-00C04F79EFBC}") = "videotext", "VideoText\videotext.csproj", "{978DF927-ADB8-4088-9514-66DF51AA2088}"
EndProject
Project("{FAE04EC0-301F-11D3-BF4B-00C04F79EFBC}") = "photoapp", "wpfPhotoViewer\photoapp.csproj", "{02D45625-0383-4480-B4BC-05DDE4F3825D}"
EndProject
Project("{FAE04EC0-301F-11D3-BF4B-00C04F79EFBC}") = "converthtml", "xaml2html\converthtml.csproj", "{DC692379-518F-4241-9BBA-4E3F4A9BCE13}"
EndProject
Project("{FAE04EC0-301F-11D3-BF4B-00C04F79EFBC}") = "surfin", "VideoViewer\surfin.csproj", "{3EF8BE1E-3289-411E-9199-9DE52479A672}"
EndProject
Global
	GlobalSection(SolutionConfigurationPlatforms) = preSolution
		Debug|Any CPU = Debug|Any CPU
		Release|Any CPU = Release|Any CPU
	EndGlobalSection
	GlobalSection(ProjectConfigurationPlatforms) = postSolution
		{54027CA3-96F1-42BA-82E2-71D6755B7575}.Debug|Any CPU.ActiveCfg = Debug|Any CPU
		{54027CA3-96F1-42BA-82E2-71D6755B7575}.Debug|Any CPU.Build.0 = Debug|Any CPU
		{54027CA3-96F1-42BA-82E2-71D6755B7575}.Release|Any CPU.ActiveCfg = Release|Any CPU
		{54027CA3-96F1-42BA-82E2-71D6755B7575}.Release|Any CPU.Build.0 = Release|Any CPU
		{3B83EE94-61FF-4DD2-A2DB-CACEB37DD97A}.Debug|Any CPU.ActiveCfg = Debug|Any CPU
		{3B83EE94-61FF-4DD2-A2DB-CACEB37DD97A}.Debug|Any CPU.Build.0 = Debug|Any CPU
		{3B83EE94-61FF-4DD2-A2DB-CACEB37DD97A}.Release|Any CPU.ActiveCfg = Release|Any CPU
		{3B83EE94-61FF-4DD2-A2DB-CACEB37DD97A}.Release|Any CPU.Build.0 = Release|Any CPU
		{741625E1-5709-4568-A03F-EDADA6B30F45}.Debug|Any CPU.ActiveCfg = Debug|Any CPU
		{741625E1-5709-4568-A03F-EDADA6B30F45}.Debug|Any CPU.Build.0 = Debug|Any CPU
		{741625E1-5709-4568-A03F-EDADA6B30F45}.Release|Any CPU.ActiveCfg = Release|Any CPU
		{741625E1-5709-4568-A03F-EDADA6B30F45}.Release|Any CPU.Build.0 = Release|Any CPU
		{6AFEA501-7402-47C4-805D-060448961C78}.Debug|Any CPU.ActiveCfg = Debug|Any CPU
		{6AFEA501-7402-47C4-805D-060448961C78}.Debug|Any CPU.Build.0 = Debug|Any CPU
		{6AFEA501-7402-47C4-805D-060448961C78}.Release|Any CPU.ActiveCfg = Release|Any CPU
		{6AFEA501-7402-47C4-805D-060448961C78}.Release|Any CPU.Build.0 = Release|Any CPU
		{9CDAAC1C-3B43-4873-AD34-0E35E576B472}.Debug|Any CPU.ActiveCfg = Debug|Any CPU
		{9CDAAC1C-3B43-4873-AD34-0E35E576B472}.Debug|Any CPU.Build.0 = Debug|Any CPU
		{9CDAAC1C-3B43-4873-AD34-0E35E576B472}.Release|Any CPU.ActiveCfg = Release|Any CPU
		{9CDAAC1C-3B43-4873-AD34-0E35E576B472}.Release|Any CPU.Build.0 = Release|Any CPU
		{BBEAC4F2-A0F4-4166-8E20-19C789C4896F}.Debug|Any CPU.ActiveCfg = Debug|Any CPU
		{BBEAC4F2-A0F4-4166-8E20-19C789C4896F}.Debug|Any CPU.Build.0 = Debug|Any CPU
		{BBEAC4F2-A0F4-4166-8E20-19C789C4896F}.Release|Any CPU.ActiveCfg = Release|Any CPU
		{BBEAC4F2-A0F4-4166-8E20-19C789C4896F}.Release|Any CPU.Build.0 = Release|Any CPU
		{BA5113A3-EA25-4BA3-96E1-7FB10D9201F0}.Debug|Any CPU.ActiveCfg = Debug|Any CPU
		{BA5113A3-EA25-4BA3-96E1-7FB10D9201F0}.Debug|Any CPU.Build.0 = Debug|Any CPU
		{BA5113A3-EA25-4BA3-96E1-7FB10D9201F0}.Release|Any CPU.ActiveCfg = Release|Any CPU
		{BA5113A3-EA25-4BA3-96E1-7FB10D9201F0}.Release|Any CPU.Build.0 = Release|Any CPU
		{C2FF39B5-6B7C-4FDB-B587-995D79E41D0C}.Debug|Any CPU.ActiveCfg = Debug|Any CPU
		{C2FF39B5-6B7C-4FDB-B587-995D79E41D0C}.Debug|Any CPU.Build.0 = Debug|Any CPU
		{C2FF39B5-6B7C-4FDB-B587-995D79E41D0C}.Release|Any CPU.ActiveCfg = Release|Any CPU
		{C2FF39B5-6B7C-4FDB-B587-995D79E41D0C}.Release|Any CPU.Build.0 = Release|Any CPU
		{1241B377-8BA7-4AE1-B6CD-66766348B521}.Debug|Any CPU.ActiveCfg = Debug|Any CPU
		{1241B377-8BA7-4AE1-B6CD-66766348B521}.Debug|Any CPU.Build.0 = Debug|Any CPU
		{1241B377-8BA7-4AE1-B6CD-66766348B521}.Release|Any CPU.ActiveCfg = Release|Any CPU
		{1241B377-8BA7-4AE1-B6CD-66766348B521}.Release|Any CPU.Build.0 = Release|Any CPU
		{74DA1086-903C-4CDC-B506-AB6E9FB8D8F9}.Debug|Any CPU.ActiveCfg = Debug|Any CPU
		{74DA1086-903C-4CDC-B506-AB6E9FB8D8F9}.Debug|Any CPU.Build.0 = Debug|Any CPU
		{74DA1086-903C-4CDC-B506-AB6E9FB8D8F9}.Release|Any CPU.ActiveCfg = Release|Any CPU
		{74DA1086-903C-4CDC-B506-AB6E9FB8D8F9}.Release|Any CPU.Build.0 = Release|Any CPU
		{73BC2B73-4133-4FDD-8ABF-9895791BC185}.Debug|Any CPU.ActiveCfg = Debug|Any CPU
		{73BC2B73-4133-4FDD-8ABF-9895791BC185}.Debug|Any CPU.Build.0 = Debug|Any CPU
		{73BC2B73-4133-4FDD-8ABF-9895791BC185}.Release|Any CPU.ActiveCfg = Release|Any CPU
		{73BC2B73-4133-4FDD-8ABF-9895791BC185}.Release|Any CPU.Build.0 = Release|Any CPU
		{F6B53EF7-01F2-4DD5-AC87-9FCEC559573D}.Debug|Any CPU.ActiveCfg = Debug|Any CPU
		{F6B53EF7-01F2-4DD5-AC87-9FCEC559573D}.Debug|Any CPU.Build.0 = Debug|Any CPU
		{F6B53EF7-01F2-4DD5-AC87-9FCEC559573D}.Release|Any CPU.ActiveCfg = Release|Any CPU
		{F6B53EF7-01F2-4DD5-AC87-9FCEC559573D}.Release|Any CPU.Build.0 = Release|Any CPU
		{1A9BBB8C-7B84-46CB-B6EC-CAACD1CABE65}.Debug|Any CPU.ActiveCfg = Debug|Any CPU
		{1A9BBB8C-7B84-46CB-B6EC-CAACD1CABE65}.Debug|Any CPU.Build.0 = Debug|Any CPU
		{1A9BBB8C-7B84-46CB-B6EC-CAACD1CABE65}.Release|Any CPU.ActiveCfg = Release|Any CPU
		{1A9BBB8C-7B84-46CB-B6EC-CAACD1CABE65}.Release|Any CPU.Build.0 = Release|Any CPU
		{907A5C3C-B130-4D1F-A9FC-6ECBD9160E92}.Debug|Any CPU.ActiveCfg = Debug|Any CPU
		{907A5C3C-B130-4D1F-A9FC-6ECBD9160E92}.Debug|Any CPU.Build.0 = Debug|Any CPU
		{907A5C3C-B130-4D1F-A9FC-6ECBD9160E92}.Release|Any CPU.ActiveCfg = Release|Any CPU
		{907A5C3C-B130-4D1F-A9FC-6ECBD9160E92}.Release|Any CPU.Build.0 = Release|Any CPU
		{A1C879B6-5EA2-473E-B5E0-99E2F4E5E3D0}.Debug|Any CPU.ActiveCfg = Debug|Any CPU
		{A1C879B6-5EA2-473E-B5E0-99E2F4E5E3D0}.Debug|Any CPU.Build.0 = Debug|Any CPU
		{A1C879B6-5EA2-473E-B5E0-99E2F4E5E3D0}.Release|Any CPU.ActiveCfg = Release|Any CPU
		{A1C879B6-5EA2-473E-B5E0-99E2F4E5E3D0}.Release|Any CPU.Build.0 = Release|Any CPU
		{62FE35E1-6CE7-41B1-9858-FF7A07543C0A}.Debug|Any CPU.ActiveCfg = Debug|Any CPU
		{62FE35E1-6CE7-41B1-9858-FF7A07543C0A}.Debug|Any CPU.Build.0 = Debug|Any CPU
		{62FE35E1-6CE7-41B1-9858-FF7A07543C0A}.Release|Any CPU.ActiveCfg = Release|Any CPU
		{62FE35E1-6CE7-41B1-9858-FF7A07543C0A}.Release|Any CPU.Build.0 = Release|Any CPU
		{51D24FC8-9D96-44FA-B473-43D6B2511ACB}.Debug|Any CPU.ActiveCfg = Debug|Any CPU
		{51D24FC8-9D96-44FA-B473-43D6B2511ACB}.Debug|Any CPU.Build.0 = Debug|Any CPU
		{51D24FC8-9D96-44FA-B473-43D6B2511ACB}.Release|Any CPU.ActiveCfg = Release|Any CPU
		{51D24FC8-9D96-44FA-B473-43D6B2511ACB}.Release|Any CPU.Build.0 = Release|Any CPU
		{B3CF90F5-CA9C-44EF-9A56-39DD40E1FB59}.Debug|Any CPU.ActiveCfg = Debug|Any CPU
		{B3CF90F5-CA9C-44EF-9A56-39DD40E1FB59}.Debug|Any CPU.Build.0 = Debug|Any CPU
		{B3CF90F5-CA9C-44EF-9A56-39DD40E1FB59}.Release|Any CPU.ActiveCfg = Release|Any CPU
		{B3CF90F5-CA9C-44EF-9A56-39DD40E1FB59}.Release|Any CPU.Build.0 = Release|Any CPU
		{8CD54DFE-4A1D-4A39-9DED-96C0ECDEDB85}.Debug|Any CPU.ActiveCfg = Debug|Any CPU
		{8CD54DFE-4A1D-4A39-9DED-96C0ECDEDB85}.Debug|Any CPU.Build.0 = Debug|Any CPU
		{8CD54DFE-4A1D-4A39-9DED-96C0ECDEDB85}.Release|Any CPU.ActiveCfg = Release|Any CPU
		{8CD54DFE-4A1D-4A39-9DED-96C0ECDEDB85}.Release|Any CPU.Build.0 = Release|Any CPU
		{978DF927-ADB8-4088-9514-66DF51AA2088}.Debug|Any CPU.ActiveCfg = Debug|Any CPU
		{978DF927-ADB8-4088-9514-66DF51AA2088}.Debug|Any CPU.Build.0 = Debug|Any CPU
		{978DF927-ADB8-4088-9514-66DF51AA2088}.Release|Any CPU.ActiveCfg = Release|Any CPU
		{978DF927-ADB8-4088-9514-66DF51AA2088}.Release|Any CPU.Build.0 = Release|Any CPU
		{02D45625-0383-4480-B4BC-05DDE4F3825D}.Debug|Any CPU.ActiveCfg = Debug|Any CPU
		{02D45625-0383-4480-B4BC-05DDE4F3825D}.Debug|Any CPU.Build.0 = Debug|Any CPU
		{02D45625-0383-4480-B4BC-05DDE4F3825D}.Release|Any CPU.ActiveCfg = Release|Any CPU
		{02D45625-0383-4480-B4BC-05DDE4F3825D}.Release|Any CPU.Build.0 = Release|Any CPU
		{DC692379-518F-4241-9BBA-4E3F4A9BCE13}.Debug|Any CPU.ActiveCfg = Debug|Any CPU
		{DC692379-518F-4241-9BBA-4E3F4A9BCE13}.Debug|Any CPU.Build.0 = Debug|Any CPU
		{DC692379-518F-4241-9BBA-4E3F4A9BCE13}.Release|Any CPU.ActiveCfg = Debug|Any CPU
		{DC692379-518F-4241-9BBA-4E3F4A9BCE13}.Release|Any CPU.Build.0 = Debug|Any CPU
		{3EF8BE1E-3289-411E-9199-9DE52479A672}.Debug|Any CPU.ActiveCfg = Debug|Any CPU
		{3EF8BE1E-3289-411E-9199-9DE52479A672}.Debug|Any CPU.Build.0 = Debug|Any CPU
		{3EF8BE1E-3289-411E-9199-9DE52479A672}.Release|Any CPU.ActiveCfg = Release|Any CPU
		{3EF8BE1E-3289-411E-9199-9DE52479A672}.Release|Any CPU.Build.0 = Release|Any CPU
	EndGlobalSection
	GlobalSection(SolutionProperties) = preSolution
		HideSolutionNode = FALSE
	EndGlobalSection
EndGlobal
