Microsoft Visual Studio Solution File, Format Version 10.00
# Visual Studio 2008
Project("{8BC9CEB8-8B4A-11D0-8D11-00A0C91BC942}") = "Render2d", "Render2d\Render2d.vcproj", "{8DB2BE69-B8D1-4EA2-AC7B-D609D9265C4F}"
EndProject
Project("{8BC9CEB8-8B4A-11D0-8D11-00A0C91BC942}") = "Render2DCLR", "Render2DCLR\Render2DCLR.vcproj", "{A32617C5-1427-4CF5-84B0-E54662E99A49}"
EndProject
Project("{FAE04EC0-301F-11D3-BF4B-00C04F79EFBC}") = "Render2DCS", "Render2DCS\Render2DCS.csproj", "{D6634235-FF01-4DF9-AF0F-A19F43DCB5E0}"
EndProject
Project("{8BC9CEB8-8B4A-11D0-8D11-00A0C91BC942}") = "interpolator", "interpolator\interpolator.vcproj", "{A01D84B4-4751-45FA-8B47-89313012502E}"
EndProject
Project("{8BC9CEB8-8B4A-11D0-8D11-00A0C91BC942}") = "DLLperformance", "DLLperformance\DLLperformance.vcproj", "{C6068F5E-ED4C-4A1B-BBAA-A8C3D0025327}"
	ProjectSection(ProjectDependencies) = postProject
		{A486144C-9ED2-47E7-AE13-44010EE5A230} = {A486144C-9ED2-47E7-AE13-44010EE5A230}
		{A01D84B4-4751-45FA-8B47-89313012502E} = {A01D84B4-4751-45FA-8B47-89313012502E}
	EndProjectSection
EndProject
Project("{8BC9CEB8-8B4A-11D0-8D11-00A0C91BC942}") = "staticlibrary", "staticlibrary\staticlibrary.vcproj", "{A486144C-9ED2-47E7-AE13-44010EE5A230}"
EndProject
Global
	GlobalSection(SolutionConfigurationPlatforms) = preSolution
		Debug|Any CPU = Debug|Any CPU
		Debug|Mixed Platforms = Debug|Mixed Platforms
		Debug|Win32 = Debug|Win32
		MinSizeRel|Any CPU = MinSizeRel|Any CPU
		MinSizeRel|Mixed Platforms = MinSizeRel|Mixed Platforms
		MinSizeRel|Win32 = MinSizeRel|Win32
		Release|Any CPU = Release|Any CPU
		Release|Mixed Platforms = Release|Mixed Platforms
		Release|Win32 = Release|Win32
		RelWithDebInfo|Any CPU = RelWithDebInfo|Any CPU
		RelWithDebInfo|Mixed Platforms = RelWithDebInfo|Mixed Platforms
		RelWithDebInfo|Win32 = RelWithDebInfo|Win32
	EndGlobalSection
	GlobalSection(ProjectConfigurationPlatforms) = postSolution
		{8DB2BE69-B8D1-4EA2-AC7B-D609D9265C4F}.Debug|Any CPU.ActiveCfg = Debug|Win32
		{8DB2BE69-B8D1-4EA2-AC7B-D609D9265C4F}.Debug|Mixed Platforms.ActiveCfg = Debug|Win32
		{8DB2BE69-B8D1-4EA2-AC7B-D609D9265C4F}.Debug|Mixed Platforms.Build.0 = Debug|Win32
		{8DB2BE69-B8D1-4EA2-AC7B-D609D9265C4F}.Debug|Win32.ActiveCfg = Debug|Win32
		{8DB2BE69-B8D1-4EA2-AC7B-D609D9265C4F}.Debug|Win32.Build.0 = Debug|Win32
		{8DB2BE69-B8D1-4EA2-AC7B-D609D9265C4F}.MinSizeRel|Any CPU.ActiveCfg = Release|Win32
		{8DB2BE69-B8D1-4EA2-AC7B-D609D9265C4F}.MinSizeRel|Mixed Platforms.ActiveCfg = Release|Win32
		{8DB2BE69-B8D1-4EA2-AC7B-D609D9265C4F}.MinSizeRel|Mixed Platforms.Build.0 = Release|Win32
		{8DB2BE69-B8D1-4EA2-AC7B-D609D9265C4F}.MinSizeRel|Win32.ActiveCfg = Release|Win32
		{8DB2BE69-B8D1-4EA2-AC7B-D609D9265C4F}.MinSizeRel|Win32.Build.0 = Release|Win32
		{8DB2BE69-B8D1-4EA2-AC7B-D609D9265C4F}.Release|Any CPU.ActiveCfg = Release|Win32
		{8DB2BE69-B8D1-4EA2-AC7B-D609D9265C4F}.Release|Mixed Platforms.ActiveCfg = Release|Win32
		{8DB2BE69-B8D1-4EA2-AC7B-D609D9265C4F}.Release|Mixed Platforms.Build.0 = Release|Win32
		{8DB2BE69-B8D1-4EA2-AC7B-D609D9265C4F}.Release|Win32.ActiveCfg = Release|Win32
		{8DB2BE69-B8D1-4EA2-AC7B-D609D9265C4F}.Release|Win32.Build.0 = Release|Win32
		{8DB2BE69-B8D1-4EA2-AC7B-D609D9265C4F}.RelWithDebInfo|Any CPU.ActiveCfg = Release|Win32
		{8DB2BE69-B8D1-4EA2-AC7B-D609D9265C4F}.RelWithDebInfo|Mixed Platforms.ActiveCfg = Release|Win32
		{8DB2BE69-B8D1-4EA2-AC7B-D609D9265C4F}.RelWithDebInfo|Mixed Platforms.Build.0 = Release|Win32
		{8DB2BE69-B8D1-4EA2-AC7B-D609D9265C4F}.RelWithDebInfo|Win32.ActiveCfg = Release|Win32
		{8DB2BE69-B8D1-4EA2-AC7B-D609D9265C4F}.RelWithDebInfo|Win32.Build.0 = Release|Win32
		{A32617C5-1427-4CF5-84B0-E54662E99A49}.Debug|Any CPU.ActiveCfg = Debug|Win32
		{A32617C5-1427-4CF5-84B0-E54662E99A49}.Debug|Mixed Platforms.ActiveCfg = Debug|Win32
		{A32617C5-1427-4CF5-84B0-E54662E99A49}.Debug|Mixed Platforms.Build.0 = Debug|Win32
		{A32617C5-1427-4CF5-84B0-E54662E99A49}.Debug|Win32.ActiveCfg = Debug|Win32
		{A32617C5-1427-4CF5-84B0-E54662E99A49}.Debug|Win32.Build.0 = Debug|Win32
		{A32617C5-1427-4CF5-84B0-E54662E99A49}.MinSizeRel|Any CPU.ActiveCfg = Release|Win32
		{A32617C5-1427-4CF5-84B0-E54662E99A49}.MinSizeRel|Mixed Platforms.ActiveCfg = Release|Win32
		{A32617C5-1427-4CF5-84B0-E54662E99A49}.MinSizeRel|Mixed Platforms.Build.0 = Release|Win32
		{A32617C5-1427-4CF5-84B0-E54662E99A49}.MinSizeRel|Win32.ActiveCfg = Release|Win32
		{A32617C5-1427-4CF5-84B0-E54662E99A49}.MinSizeRel|Win32.Build.0 = Release|Win32
		{A32617C5-1427-4CF5-84B0-E54662E99A49}.Release|Any CPU.ActiveCfg = Release|Win32
		{A32617C5-1427-4CF5-84B0-E54662E99A49}.Release|Mixed Platforms.ActiveCfg = Release|Win32
		{A32617C5-1427-4CF5-84B0-E54662E99A49}.Release|Mixed Platforms.Build.0 = Release|Win32
		{A32617C5-1427-4CF5-84B0-E54662E99A49}.Release|Win32.ActiveCfg = Release|Win32
		{A32617C5-1427-4CF5-84B0-E54662E99A49}.Release|Win32.Build.0 = Release|Win32
		{A32617C5-1427-4CF5-84B0-E54662E99A49}.RelWithDebInfo|Any CPU.ActiveCfg = Release|Win32
		{A32617C5-1427-4CF5-84B0-E54662E99A49}.RelWithDebInfo|Mixed Platforms.ActiveCfg = Release|Win32
		{A32617C5-1427-4CF5-84B0-E54662E99A49}.RelWithDebInfo|Mixed Platforms.Build.0 = Release|Win32
		{A32617C5-1427-4CF5-84B0-E54662E99A49}.RelWithDebInfo|Win32.ActiveCfg = Release|Win32
		{A32617C5-1427-4CF5-84B0-E54662E99A49}.RelWithDebInfo|Win32.Build.0 = Release|Win32
		{D6634235-FF01-4DF9-AF0F-A19F43DCB5E0}.Debug|Any CPU.ActiveCfg = Debug|Any CPU
		{D6634235-FF01-4DF9-AF0F-A19F43DCB5E0}.Debug|Any CPU.Build.0 = Debug|Any CPU
		{D6634235-FF01-4DF9-AF0F-A19F43DCB5E0}.Debug|Mixed Platforms.ActiveCfg = Debug|Any CPU
		{D6634235-FF01-4DF9-AF0F-A19F43DCB5E0}.Debug|Mixed Platforms.Build.0 = Debug|Any CPU
		{D6634235-FF01-4DF9-AF0F-A19F43DCB5E0}.Debug|Win32.ActiveCfg = Debug|Any CPU
		{D6634235-FF01-4DF9-AF0F-A19F43DCB5E0}.MinSizeRel|Any CPU.ActiveCfg = Release|Any CPU
		{D6634235-FF01-4DF9-AF0F-A19F43DCB5E0}.MinSizeRel|Any CPU.Build.0 = Release|Any CPU
		{D6634235-FF01-4DF9-AF0F-A19F43DCB5E0}.MinSizeRel|Mixed Platforms.ActiveCfg = Release|Any CPU
		{D6634235-FF01-4DF9-AF0F-A19F43DCB5E0}.MinSizeRel|Mixed Platforms.Build.0 = Release|Any CPU
		{D6634235-FF01-4DF9-AF0F-A19F43DCB5E0}.MinSizeRel|Win32.ActiveCfg = Release|Any CPU
		{D6634235-FF01-4DF9-AF0F-A19F43DCB5E0}.Release|Any CPU.ActiveCfg = Release|Any CPU
		{D6634235-FF01-4DF9-AF0F-A19F43DCB5E0}.Release|Any CPU.Build.0 = Release|Any CPU
		{D6634235-FF01-4DF9-AF0F-A19F43DCB5E0}.Release|Mixed Platforms.ActiveCfg = Release|Any CPU
		{D6634235-FF01-4DF9-AF0F-A19F43DCB5E0}.Release|Mixed Platforms.Build.0 = Release|Any CPU
		{D6634235-FF01-4DF9-AF0F-A19F43DCB5E0}.Release|Win32.ActiveCfg = Release|Any CPU
		{D6634235-FF01-4DF9-AF0F-A19F43DCB5E0}.RelWithDebInfo|Any CPU.ActiveCfg = Release|Any CPU
		{D6634235-FF01-4DF9-AF0F-A19F43DCB5E0}.RelWithDebInfo|Any CPU.Build.0 = Release|Any CPU
		{D6634235-FF01-4DF9-AF0F-A19F43DCB5E0}.RelWithDebInfo|Mixed Platforms.ActiveCfg = Release|Any CPU
		{D6634235-FF01-4DF9-AF0F-A19F43DCB5E0}.RelWithDebInfo|Mixed Platforms.Build.0 = Release|Any CPU
		{D6634235-FF01-4DF9-AF0F-A19F43DCB5E0}.RelWithDebInfo|Win32.ActiveCfg = Release|Any CPU
		{A01D84B4-4751-45FA-8B47-89313012502E}.Debug|Any CPU.ActiveCfg = Debug|Win32
		{A01D84B4-4751-45FA-8B47-89313012502E}.Debug|Mixed Platforms.ActiveCfg = Debug|Win32
		{A01D84B4-4751-45FA-8B47-89313012502E}.Debug|Mixed Platforms.Build.0 = Debug|Win32
		{A01D84B4-4751-45FA-8B47-89313012502E}.Debug|Win32.ActiveCfg = Debug|Win32
		{A01D84B4-4751-45FA-8B47-89313012502E}.Debug|Win32.Build.0 = Debug|Win32
		{A01D84B4-4751-45FA-8B47-89313012502E}.MinSizeRel|Any CPU.ActiveCfg = Release|Win32
		{A01D84B4-4751-45FA-8B47-89313012502E}.MinSizeRel|Mixed Platforms.ActiveCfg = Release|Win32
		{A01D84B4-4751-45FA-8B47-89313012502E}.MinSizeRel|Mixed Platforms.Build.0 = Release|Win32
		{A01D84B4-4751-45FA-8B47-89313012502E}.MinSizeRel|Win32.ActiveCfg = Release|Win32
		{A01D84B4-4751-45FA-8B47-89313012502E}.MinSizeRel|Win32.Build.0 = Release|Win32
		{A01D84B4-4751-45FA-8B47-89313012502E}.Release|Any CPU.ActiveCfg = Release|Win32
		{A01D84B4-4751-45FA-8B47-89313012502E}.Release|Mixed Platforms.ActiveCfg = Release|Win32
		{A01D84B4-4751-45FA-8B47-89313012502E}.Release|Mixed Platforms.Build.0 = Release|Win32
		{A01D84B4-4751-45FA-8B47-89313012502E}.Release|Win32.ActiveCfg = Release|Win32
		{A01D84B4-4751-45FA-8B47-89313012502E}.Release|Win32.Build.0 = Release|Win32
		{A01D84B4-4751-45FA-8B47-89313012502E}.RelWithDebInfo|Any CPU.ActiveCfg = Release|Win32
		{A01D84B4-4751-45FA-8B47-89313012502E}.RelWithDebInfo|Mixed Platforms.ActiveCfg = Release|Win32
		{A01D84B4-4751-45FA-8B47-89313012502E}.RelWithDebInfo|Mixed Platforms.Build.0 = Release|Win32
		{A01D84B4-4751-45FA-8B47-89313012502E}.RelWithDebInfo|Win32.ActiveCfg = Release|Win32
		{A01D84B4-4751-45FA-8B47-89313012502E}.RelWithDebInfo|Win32.Build.0 = Release|Win32
		{C6068F5E-ED4C-4A1B-BBAA-A8C3D0025327}.Debug|Any CPU.ActiveCfg = Debug|Win32
		{C6068F5E-ED4C-4A1B-BBAA-A8C3D0025327}.Debug|Mixed Platforms.ActiveCfg = Debug|Win32
		{C6068F5E-ED4C-4A1B-BBAA-A8C3D0025327}.Debug|Mixed Platforms.Build.0 = Debug|Win32
		{C6068F5E-ED4C-4A1B-BBAA-A8C3D0025327}.Debug|Win32.ActiveCfg = Debug|Win32
		{C6068F5E-ED4C-4A1B-BBAA-A8C3D0025327}.Debug|Win32.Build.0 = Debug|Win32
		{C6068F5E-ED4C-4A1B-BBAA-A8C3D0025327}.MinSizeRel|Any CPU.ActiveCfg = Release|Win32
		{C6068F5E-ED4C-4A1B-BBAA-A8C3D0025327}.MinSizeRel|Mixed Platforms.ActiveCfg = Release|Win32
		{C6068F5E-ED4C-4A1B-BBAA-A8C3D0025327}.MinSizeRel|Mixed Platforms.Build.0 = Release|Win32
		{C6068F5E-ED4C-4A1B-BBAA-A8C3D0025327}.MinSizeRel|Win32.ActiveCfg = Release|Win32
		{C6068F5E-ED4C-4A1B-BBAA-A8C3D0025327}.MinSizeRel|Win32.Build.0 = Release|Win32
		{C6068F5E-ED4C-4A1B-BBAA-A8C3D0025327}.Release|Any CPU.ActiveCfg = Release|Win32
		{C6068F5E-ED4C-4A1B-BBAA-A8C3D0025327}.Release|Mixed Platforms.ActiveCfg = Release|Win32
		{C6068F5E-ED4C-4A1B-BBAA-A8C3D0025327}.Release|Mixed Platforms.Build.0 = Release|Win32
		{C6068F5E-ED4C-4A1B-BBAA-A8C3D0025327}.Release|Win32.ActiveCfg = Release|Win32
		{C6068F5E-ED4C-4A1B-BBAA-A8C3D0025327}.Release|Win32.Build.0 = Release|Win32
		{C6068F5E-ED4C-4A1B-BBAA-A8C3D0025327}.RelWithDebInfo|Any CPU.ActiveCfg = Release|Win32
		{C6068F5E-ED4C-4A1B-BBAA-A8C3D0025327}.RelWithDebInfo|Mixed Platforms.ActiveCfg = Release|Win32
		{C6068F5E-ED4C-4A1B-BBAA-A8C3D0025327}.RelWithDebInfo|Mixed Platforms.Build.0 = Release|Win32
		{C6068F5E-ED4C-4A1B-BBAA-A8C3D0025327}.RelWithDebInfo|Win32.ActiveCfg = Release|Win32
		{C6068F5E-ED4C-4A1B-BBAA-A8C3D0025327}.RelWithDebInfo|Win32.Build.0 = Release|Win32
		{A486144C-9ED2-47E7-AE13-44010EE5A230}.Debug|Any CPU.ActiveCfg = Debug|Win32
		{A486144C-9ED2-47E7-AE13-44010EE5A230}.Debug|Mixed Platforms.ActiveCfg = Debug|Win32
		{A486144C-9ED2-47E7-AE13-44010EE5A230}.Debug|Mixed Platforms.Build.0 = Debug|Win32
		{A486144C-9ED2-47E7-AE13-44010EE5A230}.Debug|Win32.ActiveCfg = Debug|Win32
		{A486144C-9ED2-47E7-AE13-44010EE5A230}.Debug|Win32.Build.0 = Debug|Win32
		{A486144C-9ED2-47E7-AE13-44010EE5A230}.MinSizeRel|Any CPU.ActiveCfg = Release|Win32
		{A486144C-9ED2-47E7-AE13-44010EE5A230}.MinSizeRel|Mixed Platforms.ActiveCfg = Release|Win32
		{A486144C-9ED2-47E7-AE13-44010EE5A230}.MinSizeRel|Mixed Platforms.Build.0 = Release|Win32
		{A486144C-9ED2-47E7-AE13-44010EE5A230}.MinSizeRel|Win32.ActiveCfg = Release|Win32
		{A486144C-9ED2-47E7-AE13-44010EE5A230}.MinSizeRel|Win32.Build.0 = Release|Win32
		{A486144C-9ED2-47E7-AE13-44010EE5A230}.Release|Any CPU.ActiveCfg = Release|Win32
		{A486144C-9ED2-47E7-AE13-44010EE5A230}.Release|Mixed Platforms.ActiveCfg = Release|Win32
		{A486144C-9ED2-47E7-AE13-44010EE5A230}.Release|Mixed Platforms.Build.0 = Release|Win32
		{A486144C-9ED2-47E7-AE13-44010EE5A230}.Release|Win32.ActiveCfg = Release|Win32
		{A486144C-9ED2-47E7-AE13-44010EE5A230}.Release|Win32.Build.0 = Release|Win32
		{A486144C-9ED2-47E7-AE13-44010EE5A230}.RelWithDebInfo|Any CPU.ActiveCfg = Release|Win32
		{A486144C-9ED2-47E7-AE13-44010EE5A230}.RelWithDebInfo|Mixed Platforms.ActiveCfg = Release|Win32
		{A486144C-9ED2-47E7-AE13-44010EE5A230}.RelWithDebInfo|Mixed Platforms.Build.0 = Release|Win32
		{A486144C-9ED2-47E7-AE13-44010EE5A230}.RelWithDebInfo|Win32.ActiveCfg = Release|Win32
		{A486144C-9ED2-47E7-AE13-44010EE5A230}.RelWithDebInfo|Win32.Build.0 = Release|Win32
	EndGlobalSection
	GlobalSection(SolutionProperties) = preSolution
		HideSolutionNode = FALSE
	EndGlobalSection
EndGlobal
