
Microsoft Visual Studio Solution File, Format Version 10.00
# Visual Studio 2008
Project("{FAE04EC0-301F-11D3-BF4B-00C04F79EFBC}") = "expenseit", "Introduction\expenseit.csproj", "{7D176649-97CD-414F-8356-4F5C83CFA755}"
EndProject
Project("{FAE04EC0-301F-11D3-BF4B-00C04F79EFBC}") = "quickstart_1", "HelloWord\quickstart_1.csproj", "{E8678F4A-A4C1-4798-8505-D8D02D0583AE}"
EndProject
Project("{FAE04EC0-301F-11D3-BF4B-00C04F79EFBC}") = "quickstart_2", "SimpleLayout\quickstart_2.csproj", "{B98F18C0-8CB0-4C41-95B7-9366DF216324}"
EndProject
Project("{FAE04EC0-301F-11D3-BF4B-00C04F79EFBC}") = "quickstart_3", "ComplexLayout\quickstart_3.csproj", "{52076385-AAF6-4582-BBC3-4E260DB2C4B4}"
EndProject
Project("{FAE04EC0-301F-11D3-BF4B-00C04F79EFBC}") = "quickstart4", "DynamicApplication\quickstart4.csproj", "{504F530F-A649-433C-B3D1-930071991724}"
EndProject
Project("{FAE04EC0-301F-11D3-BF4B-00C04F79EFBC}") = "quickstart_5", "MultiPageApplication\quickstart_5.csproj", "{7054BC77-2508-47DF-8A72-FC12FB86B5BB}"
EndProject
Project("{FAE04EC0-301F-11D3-BF4B-00C04F79EFBC}") = "sdkxamlbrowser", "wpfControlsGallery\sdkxamlbrowser.csproj", "{750DF5CF-7497-49C4-B2AD-5553E4F9A91B}"
EndProject
Project("{FAE04EC0-301F-11D3-BF4B-00C04F79EFBC}") = "sampleviewer", "SampleGallery\sampleviewer.csproj", "{0B57A609-48A0-0000-0000-000000000000}"
EndProject
Global
	GlobalSection(SolutionConfigurationPlatforms) = preSolution
		Debug|Any CPU = Debug|Any CPU
		Release|Any CPU = Release|Any CPU
	EndGlobalSection
	GlobalSection(ProjectConfigurationPlatforms) = postSolution
		{7D176649-97CD-414F-8356-4F5C83CFA755}.Debug|Any CPU.ActiveCfg = Debug|Any CPU
		{7D176649-97CD-414F-8356-4F5C83CFA755}.Debug|Any CPU.Build.0 = Debug|Any CPU
		{7D176649-97CD-414F-8356-4F5C83CFA755}.Release|Any CPU.ActiveCfg = Debug|Any CPU
		{7D176649-97CD-414F-8356-4F5C83CFA755}.Release|Any CPU.Build.0 = Debug|Any CPU
		{E8678F4A-A4C1-4798-8505-D8D02D0583AE}.Debug|Any CPU.ActiveCfg = Debug|Any CPU
		{E8678F4A-A4C1-4798-8505-D8D02D0583AE}.Debug|Any CPU.Build.0 = Debug|Any CPU
		{E8678F4A-A4C1-4798-8505-D8D02D0583AE}.Release|Any CPU.ActiveCfg = Debug|Any CPU
		{E8678F4A-A4C1-4798-8505-D8D02D0583AE}.Release|Any CPU.Build.0 = Debug|Any CPU
		{B98F18C0-8CB0-4C41-95B7-9366DF216324}.Debug|Any CPU.ActiveCfg = Debug|Any CPU
		{B98F18C0-8CB0-4C41-95B7-9366DF216324}.Debug|Any CPU.Build.0 = Debug|Any CPU
		{B98F18C0-8CB0-4C41-95B7-9366DF216324}.Release|Any CPU.ActiveCfg = Debug|Any CPU
		{B98F18C0-8CB0-4C41-95B7-9366DF216324}.Release|Any CPU.Build.0 = Debug|Any CPU
		{52076385-AAF6-4582-BBC3-4E260DB2C4B4}.Debug|Any CPU.ActiveCfg = Debug|Any CPU
		{52076385-AAF6-4582-BBC3-4E260DB2C4B4}.Debug|Any CPU.Build.0 = Debug|Any CPU
		{52076385-AAF6-4582-BBC3-4E260DB2C4B4}.Release|Any CPU.ActiveCfg = Debug|Any CPU
		{52076385-AAF6-4582-BBC3-4E260DB2C4B4}.Release|Any CPU.Build.0 = Debug|Any CPU
		{504F530F-A649-433C-B3D1-930071991724}.Debug|Any CPU.ActiveCfg = Debug|Any CPU
		{504F530F-A649-433C-B3D1-930071991724}.Debug|Any CPU.Build.0 = Debug|Any CPU
		{504F530F-A649-433C-B3D1-930071991724}.Release|Any CPU.ActiveCfg = Release|Any CPU
		{504F530F-A649-433C-B3D1-930071991724}.Release|Any CPU.Build.0 = Release|Any CPU
		{7054BC77-2508-47DF-8A72-FC12FB86B5BB}.Debug|Any CPU.ActiveCfg = Debug|Any CPU
		{7054BC77-2508-47DF-8A72-FC12FB86B5BB}.Debug|Any CPU.Build.0 = Debug|Any CPU
		{7054BC77-2508-47DF-8A72-FC12FB86B5BB}.Release|Any CPU.ActiveCfg = Debug|Any CPU
		{7054BC77-2508-47DF-8A72-FC12FB86B5BB}.Release|Any CPU.Build.0 = Debug|Any CPU
		{750DF5CF-7497-49C4-B2AD-5553E4F9A91B}.Debug|Any CPU.ActiveCfg = Debug|Any CPU
		{750DF5CF-7497-49C4-B2AD-5553E4F9A91B}.Debug|Any CPU.Build.0 = Debug|Any CPU
		{750DF5CF-7497-49C4-B2AD-5553E4F9A91B}.Release|Any CPU.ActiveCfg = Debug|Any CPU
		{750DF5CF-7497-49C4-B2AD-5553E4F9A91B}.Release|Any CPU.Build.0 = Debug|Any CPU
		{0B57A609-48A0-0000-0000-000000000000}.Debug|Any CPU.ActiveCfg = Debug|Any CPU
		{0B57A609-48A0-0000-0000-000000000000}.Debug|Any CPU.Build.0 = Debug|Any CPU
		{0B57A609-48A0-0000-0000-000000000000}.Release|Any CPU.ActiveCfg = Debug|Any CPU
		{0B57A609-48A0-0000-0000-000000000000}.Release|Any CPU.Build.0 = Debug|Any CPU
	EndGlobalSection
	GlobalSection(SolutionProperties) = preSolution
		HideSolutionNode = FALSE
	EndGlobalSection
EndGlobal
