
Microsoft Visual Studio Solution File, Format Version 10.00
# Visual Studio 2008
Project("{FAE04EC0-301F-11D3-BF4B-00C04F79EFBC}") = "CustomWindowChromeSample", "CustomizedWindowUI\CustomWindowChromeSample.csproj", "{AD3E3BA0-0F3B-4982-892F-97BFBAABF7EF}"
EndProject
Project("{FAE04EC0-301F-11D3-BF4B-00C04F79EFBC}") = "dialogboxsample", "DialogBox\dialogboxsample.csproj", "{4CF012E3-7DE0-4153-AF0F-CDB528D9DE68}"
EndProject
Project("{FAE04EC0-301F-11D3-BF4B-00C04F79EFBC}") = "windowclosehidesample", "HideAWindow\windowclosehidesample.csproj", "{976DFC29-4C1F-47A8-9FAC-361CA4372F0D}"
EndProject
Project("{FAE04EC0-301F-11D3-BF4B-00C04F79EFBC}") = "messageboxsample", "MessageBox\messageboxsample.csproj", "{CE63FC0A-3128-4559-8CBE-C73B95766C1B}"
EndProject
Project("{FAE04EC0-301F-11D3-BF4B-00C04F79EFBC}") = "nonrectangularwindowsample", "NonRectangularWindows\nonrectangularwindowsample.csproj", "{6E67D6B2-3C14-4441-AAE6-958CA1F353EA}"
EndProject
Project("{FAE04EC0-301F-11D3-BF4B-00C04F79EFBC}") = "notificationiconsample", "NotificationIcon\notificationiconsample.csproj", "{9CD11B90-9CBA-4435-B51C-BAEAE1E7FAD9}"
EndProject
Project("{FAE04EC0-301F-11D3-BF4B-00C04F79EFBC}") = "savewindowplacementstatesample", "SaveWindowPlacementState\savewindowplacementstatesample.csproj", "{160BA1DA-65A0-45A7-91E1-ED52F268DD1B}"
EndProject
Project("{FAE04EC0-301F-11D3-BF4B-00C04F79EFBC}") = "windowactivationdeactivationsamplecsharp", "WindowActDeact\windowactivationdeactivationsamplecsharp.csproj", "{2F7553AD-7E19-42C3-ADF4-3A96BADE050C}"
EndProject
Project("{FAE04EC0-301F-11D3-BF4B-00C04F79EFBC}") = "sizingprecedencesamplecsharp", "WindowSizingOOP\sizingprecedencesamplecsharp.csproj", "{F2E6DF30-9132-4A64-BE42-D20EDAB087A7}"
EndProject
Project("{FAE04EC0-301F-11D3-BF4B-00C04F79EFBC}") = "wizardsample", "WizardSample\wizardsample.csproj", "{709ECE68-5107-4C42-8A92-AD9A79EAC07E}"
EndProject
Global
	GlobalSection(SolutionConfigurationPlatforms) = preSolution
		Debug|Any CPU = Debug|Any CPU
		Release|Any CPU = Release|Any CPU
	EndGlobalSection
	GlobalSection(ProjectConfigurationPlatforms) = postSolution
		{AD3E3BA0-0F3B-4982-892F-97BFBAABF7EF}.Debug|Any CPU.ActiveCfg = Debug|Any CPU
		{AD3E3BA0-0F3B-4982-892F-97BFBAABF7EF}.Debug|Any CPU.Build.0 = Debug|Any CPU
		{AD3E3BA0-0F3B-4982-892F-97BFBAABF7EF}.Release|Any CPU.ActiveCfg = Release|Any CPU
		{AD3E3BA0-0F3B-4982-892F-97BFBAABF7EF}.Release|Any CPU.Build.0 = Release|Any CPU
		{4CF012E3-7DE0-4153-AF0F-CDB528D9DE68}.Debug|Any CPU.ActiveCfg = Debug|Any CPU
		{4CF012E3-7DE0-4153-AF0F-CDB528D9DE68}.Debug|Any CPU.Build.0 = Debug|Any CPU
		{4CF012E3-7DE0-4153-AF0F-CDB528D9DE68}.Release|Any CPU.ActiveCfg = Release|Any CPU
		{4CF012E3-7DE0-4153-AF0F-CDB528D9DE68}.Release|Any CPU.Build.0 = Release|Any CPU
		{976DFC29-4C1F-47A8-9FAC-361CA4372F0D}.Debug|Any CPU.ActiveCfg = Debug|Any CPU
		{976DFC29-4C1F-47A8-9FAC-361CA4372F0D}.Debug|Any CPU.Build.0 = Debug|Any CPU
		{976DFC29-4C1F-47A8-9FAC-361CA4372F0D}.Release|Any CPU.ActiveCfg = Release|Any CPU
		{976DFC29-4C1F-47A8-9FAC-361CA4372F0D}.Release|Any CPU.Build.0 = Release|Any CPU
		{CE63FC0A-3128-4559-8CBE-C73B95766C1B}.Debug|Any CPU.ActiveCfg = Debug|Any CPU
		{CE63FC0A-3128-4559-8CBE-C73B95766C1B}.Debug|Any CPU.Build.0 = Debug|Any CPU
		{CE63FC0A-3128-4559-8CBE-C73B95766C1B}.Release|Any CPU.ActiveCfg = Release|Any CPU
		{CE63FC0A-3128-4559-8CBE-C73B95766C1B}.Release|Any CPU.Build.0 = Release|Any CPU
		{6E67D6B2-3C14-4441-AAE6-958CA1F353EA}.Debug|Any CPU.ActiveCfg = Debug|Any CPU
		{6E67D6B2-3C14-4441-AAE6-958CA1F353EA}.Debug|Any CPU.Build.0 = Debug|Any CPU
		{6E67D6B2-3C14-4441-AAE6-958CA1F353EA}.Release|Any CPU.ActiveCfg = Release|Any CPU
		{6E67D6B2-3C14-4441-AAE6-958CA1F353EA}.Release|Any CPU.Build.0 = Release|Any CPU
		{9CD11B90-9CBA-4435-B51C-BAEAE1E7FAD9}.Debug|Any CPU.ActiveCfg = Debug|Any CPU
		{9CD11B90-9CBA-4435-B51C-BAEAE1E7FAD9}.Debug|Any CPU.Build.0 = Debug|Any CPU
		{9CD11B90-9CBA-4435-B51C-BAEAE1E7FAD9}.Release|Any CPU.ActiveCfg = Release|Any CPU
		{9CD11B90-9CBA-4435-B51C-BAEAE1E7FAD9}.Release|Any CPU.Build.0 = Release|Any CPU
		{160BA1DA-65A0-45A7-91E1-ED52F268DD1B}.Debug|Any CPU.ActiveCfg = Debug|Any CPU
		{160BA1DA-65A0-45A7-91E1-ED52F268DD1B}.Debug|Any CPU.Build.0 = Debug|Any CPU
		{160BA1DA-65A0-45A7-91E1-ED52F268DD1B}.Release|Any CPU.ActiveCfg = Release|Any CPU
		{160BA1DA-65A0-45A7-91E1-ED52F268DD1B}.Release|Any CPU.Build.0 = Release|Any CPU
		{2F7553AD-7E19-42C3-ADF4-3A96BADE050C}.Debug|Any CPU.ActiveCfg = Debug|Any CPU
		{2F7553AD-7E19-42C3-ADF4-3A96BADE050C}.Debug|Any CPU.Build.0 = Debug|Any CPU
		{2F7553AD-7E19-42C3-ADF4-3A96BADE050C}.Release|Any CPU.ActiveCfg = Release|Any CPU
		{2F7553AD-7E19-42C3-ADF4-3A96BADE050C}.Release|Any CPU.Build.0 = Release|Any CPU
		{F2E6DF30-9132-4A64-BE42-D20EDAB087A7}.Debug|Any CPU.ActiveCfg = Debug|Any CPU
		{F2E6DF30-9132-4A64-BE42-D20EDAB087A7}.Debug|Any CPU.Build.0 = Debug|Any CPU
		{F2E6DF30-9132-4A64-BE42-D20EDAB087A7}.Release|Any CPU.ActiveCfg = Release|Any CPU
		{F2E6DF30-9132-4A64-BE42-D20EDAB087A7}.Release|Any CPU.Build.0 = Release|Any CPU
		{709ECE68-5107-4C42-8A92-AD9A79EAC07E}.Debug|Any CPU.ActiveCfg = Debug|Any CPU
		{709ECE68-5107-4C42-8A92-AD9A79EAC07E}.Debug|Any CPU.Build.0 = Debug|Any CPU
		{709ECE68-5107-4C42-8A92-AD9A79EAC07E}.Release|Any CPU.ActiveCfg = Release|Any CPU
		{709ECE68-5107-4C42-8A92-AD9A79EAC07E}.Release|Any CPU.Build.0 = Release|Any CPU
	EndGlobalSection
	GlobalSection(SolutionProperties) = preSolution
		HideSolutionNode = FALSE
	EndGlobalSection
EndGlobal
