
Microsoft Visual Studio Solution File, Format Version 10.00
# Visual Studio 2008
Project("{F184B08F-C81C-45F6-A57F-5ABD9991F28F}") = "TaskSwitching", "TaskSwitching.vbproj", "{43454CE3-F08B-4098-A717-3654298A3FDC}"
EndProject
Project("{FAE04EC0-301F-11D3-BF4B-00C04F79EFBC}") = "WindowsFormsApplication", "WindowsFormsApp\WindowsFormsApplication.csproj", "{1A281298-BABE-4665-B5EA-787C7B446B1F}"
EndProject
Global
	GlobalSection(SolutionConfigurationPlatforms) = preSolution
		Debug|Any CPU = Debug|Any CPU
		Release|Any CPU = Release|Any CPU
	EndGlobalSection
	GlobalSection(ProjectConfigurationPlatforms) = postSolution
		{43454CE3-F08B-4098-A717-3654298A3FDC}.Debug|Any CPU.ActiveCfg = Debug|Any CPU
		{43454CE3-F08B-4098-A717-3654298A3FDC}.Debug|Any CPU.Build.0 = Debug|Any CPU
		{43454CE3-F08B-4098-A717-3654298A3FDC}.Release|Any CPU.ActiveCfg = Release|Any CPU
		{43454CE3-F08B-4098-A717-3654298A3FDC}.Release|Any CPU.Build.0 = Release|Any CPU
		{1A281298-BABE-4665-B5EA-787C7B446B1F}.Debug|Any CPU.ActiveCfg = Debug|Any CPU
		{1A281298-BABE-4665-B5EA-787C7B446B1F}.Debug|Any CPU.Build.0 = Debug|Any CPU
		{1A281298-BABE-4665-B5EA-787C7B446B1F}.Release|Any CPU.ActiveCfg = Release|Any CPU
		{1A281298-BABE-4665-B5EA-787C7B446B1F}.Release|Any CPU.Build.0 = Release|Any CPU
	EndGlobalSection
	GlobalSection(SolutionProperties) = preSolution
		HideSolutionNode = FALSE
	EndGlobalSection
EndGlobal
