
Microsoft Visual Studio Solution File, Format Version 9.00
# Visual Studio 2005
Project("{FAE04EC0-301F-11D3-BF4B-00C04F79EFBC}") = "SdkViewer.VisualStudio", "SdkViewer.VisualStudio.csproj", "{38F783CA-EF77-43C3-B73B-9C6DB704E39F}"
EndProject
Project("{FAE04EC0-301F-11D3-BF4B-00C04F79EFBC}") = "Samples.VisualStudio", "Samples\Samples.VisualStudio.csproj", "{963BD76E-DCA7-4F4C-8AE8-FF09D673573B}"
EndProject
Global
	GlobalSection(SolutionConfigurationPlatforms) = preSolution
		Debug|Any CPU = Debug|Any CPU
		Release|Any CPU = Release|Any CPU
	EndGlobalSection
	GlobalSection(ProjectConfigurationPlatforms) = postSolution
		{38F783CA-EF77-43C3-B73B-9C6DB704E39F}.Debug|Any CPU.ActiveCfg = Debug|Any CPU
		{38F783CA-EF77-43C3-B73B-9C6DB704E39F}.Debug|Any CPU.Build.0 = Debug|Any CPU
		{38F783CA-EF77-43C3-B73B-9C6DB704E39F}.Release|Any CPU.ActiveCfg = Release|Any CPU
		{38F783CA-EF77-43C3-B73B-9C6DB704E39F}.Release|Any CPU.Build.0 = Release|Any CPU
		{963BD76E-DCA7-4F4C-8AE8-FF09D673573B}.Debug|Any CPU.ActiveCfg = Debug|Any CPU
		{963BD76E-DCA7-4F4C-8AE8-FF09D673573B}.Debug|Any CPU.Build.0 = Debug|Any CPU
		{963BD76E-DCA7-4F4C-8AE8-FF09D673573B}.Release|Any CPU.ActiveCfg = Release|Any CPU
		{963BD76E-DCA7-4F4C-8AE8-FF09D673573B}.Release|Any CPU.Build.0 = Release|Any CPU
	EndGlobalSection
	GlobalSection(SolutionProperties) = preSolution
		HideSolutionNode = FALSE
	EndGlobalSection
EndGlobal
