
Microsoft Visual Studio Solution File, Format Version 10.00
# Visual Studio 2008
Project("{FAE04EC0-301F-11D3-BF4B-00C04F79EFBC}") = "Calc1Contract", "Calc1Contract\Calc1Contract.csproj", "{56C4D4FC-97E2-4F2F-90D8-47F914629FAD}"
EndProject
Project("{FAE04EC0-301F-11D3-BF4B-00C04F79EFBC}") = "Calc1AddInView", "Calc1AddInView\Calc1AddInView.csproj", "{EF8F2DAB-140C-4017-93C7-15A5193817FC}"
EndProject
Project("{FAE04EC0-301F-11D3-BF4B-00C04F79EFBC}") = "Calc1HVA", "Calc1HVA\Calc1HVA.csproj", "{F21EA478-2A1D-48B2-BF53-728DBD844E47}"
EndProject
Project("{FAE04EC0-301F-11D3-BF4B-00C04F79EFBC}") = "Calc1AddInSideAdapter", "Calc1AddInSideAdapter\Calc1AddInSideAdapter.csproj", "{2064D2F1-C4C2-444B-9558-79355AED772D}"
EndProject
Project("{FAE04EC0-301F-11D3-BF4B-00C04F79EFBC}") = "Calc1HostSideAdapter", "Calc1HostSideAdapter\Calc1HostSideAdapter.csproj", "{DB1E16D6-2723-44A2-8DDC-D4DF7D23891D}"
EndProject
Project("{FAE04EC0-301F-11D3-BF4B-00C04F79EFBC}") = "Calc1Host", "Calc1Host\Calc1Host.csproj", "{6D35152D-6B60-47B6-97E2-F0142DCD1CC6}"
EndProject
Project("{FAE04EC0-301F-11D3-BF4B-00C04F79EFBC}") = "AddInCalcV1", "AddInCalcV1\AddInCalcV1.csproj", "{F59CEAA0-6316-46A6-B049-CA4EEDC07AAB}"
EndProject
Global
	GlobalSection(SolutionConfigurationPlatforms) = preSolution
		Debug|Any CPU = Debug|Any CPU
		Release|Any CPU = Release|Any CPU
	EndGlobalSection
	GlobalSection(ProjectConfigurationPlatforms) = postSolution
		{56C4D4FC-97E2-4F2F-90D8-47F914629FAD}.Debug|Any CPU.ActiveCfg = Debug|Any CPU
		{56C4D4FC-97E2-4F2F-90D8-47F914629FAD}.Debug|Any CPU.Build.0 = Debug|Any CPU
		{56C4D4FC-97E2-4F2F-90D8-47F914629FAD}.Release|Any CPU.ActiveCfg = Release|Any CPU
		{56C4D4FC-97E2-4F2F-90D8-47F914629FAD}.Release|Any CPU.Build.0 = Release|Any CPU
		{EF8F2DAB-140C-4017-93C7-15A5193817FC}.Debug|Any CPU.ActiveCfg = Debug|Any CPU
		{EF8F2DAB-140C-4017-93C7-15A5193817FC}.Debug|Any CPU.Build.0 = Debug|Any CPU
		{EF8F2DAB-140C-4017-93C7-15A5193817FC}.Release|Any CPU.ActiveCfg = Release|Any CPU
		{EF8F2DAB-140C-4017-93C7-15A5193817FC}.Release|Any CPU.Build.0 = Release|Any CPU
		{F21EA478-2A1D-48B2-BF53-728DBD844E47}.Debug|Any CPU.ActiveCfg = Debug|Any CPU
		{F21EA478-2A1D-48B2-BF53-728DBD844E47}.Debug|Any CPU.Build.0 = Debug|Any CPU
		{F21EA478-2A1D-48B2-BF53-728DBD844E47}.Release|Any CPU.ActiveCfg = Release|Any CPU
		{F21EA478-2A1D-48B2-BF53-728DBD844E47}.Release|Any CPU.Build.0 = Release|Any CPU
		{2064D2F1-C4C2-444B-9558-79355AED772D}.Debug|Any CPU.ActiveCfg = Debug|Any CPU
		{2064D2F1-C4C2-444B-9558-79355AED772D}.Debug|Any CPU.Build.0 = Debug|Any CPU
		{2064D2F1-C4C2-444B-9558-79355AED772D}.Release|Any CPU.ActiveCfg = Release|Any CPU
		{2064D2F1-C4C2-444B-9558-79355AED772D}.Release|Any CPU.Build.0 = Release|Any CPU
		{DB1E16D6-2723-44A2-8DDC-D4DF7D23891D}.Debug|Any CPU.ActiveCfg = Debug|Any CPU
		{DB1E16D6-2723-44A2-8DDC-D4DF7D23891D}.Debug|Any CPU.Build.0 = Debug|Any CPU
		{DB1E16D6-2723-44A2-8DDC-D4DF7D23891D}.Release|Any CPU.ActiveCfg = Release|Any CPU
		{DB1E16D6-2723-44A2-8DDC-D4DF7D23891D}.Release|Any CPU.Build.0 = Release|Any CPU
		{6D35152D-6B60-47B6-97E2-F0142DCD1CC6}.Debug|Any CPU.ActiveCfg = Debug|Any CPU
		{6D35152D-6B60-47B6-97E2-F0142DCD1CC6}.Debug|Any CPU.Build.0 = Debug|Any CPU
		{6D35152D-6B60-47B6-97E2-F0142DCD1CC6}.Release|Any CPU.ActiveCfg = Release|Any CPU
		{6D35152D-6B60-47B6-97E2-F0142DCD1CC6}.Release|Any CPU.Build.0 = Release|Any CPU
		{F59CEAA0-6316-46A6-B049-CA4EEDC07AAB}.Debug|Any CPU.ActiveCfg = Debug|Any CPU
		{F59CEAA0-6316-46A6-B049-CA4EEDC07AAB}.Debug|Any CPU.Build.0 = Debug|Any CPU
		{F59CEAA0-6316-46A6-B049-CA4EEDC07AAB}.Release|Any CPU.ActiveCfg = Release|Any CPU
		{F59CEAA0-6316-46A6-B049-CA4EEDC07AAB}.Release|Any CPU.Build.0 = Release|Any CPU
	EndGlobalSection
	GlobalSection(SolutionProperties) = preSolution
		HideSolutionNode = FALSE
	EndGlobalSection
EndGlobal
